
Microsoft Visual Studio Solution File, Format Version 12.00
# Visual Studio Version 17
VisualStudioVersion = 17.11.35222.181
MinimumVisualStudioVersion = 10.0.40219.1
Project("{FAE04EC0-301F-11D3-BF4B-00C04F79EFBC}") = "ProjetoAgenda", "ProjetoAgenda.csproj", "{449DD521-4A20-435A-A8DB-019D031193D2}"
EndProject
Global
	GlobalSection(SolutionConfigurationPlatforms) = preSolution
		Debug|Any CPU = Debug|Any CPU
		Release|Any CPU = Release|Any CPU
	EndGlobalSection
	GlobalSection(ProjectConfigurationPlatforms) = postSolution
		{449DD521-4A20-435A-A8DB-019D031193D2}.Debug|Any CPU.ActiveCfg = Debug|Any CPU
		{449DD521-4A20-435A-A8DB-019D031193D2}.Debug|Any CPU.Build.0 = Debug|Any CPU
		{449DD521-4A20-435A-A8DB-019D031193D2}.Release|Any CPU.ActiveCfg = Release|Any CPU
		{449DD521-4A20-435A-A8DB-019D031193D2}.Release|Any CPU.Build.0 = Release|Any CPU
	EndGlobalSection
	GlobalSection(SolutionProperties) = preSolution
		HideSolutionNode = FALSE
	EndGlobalSection
	GlobalSection(ExtensibilityGlobals) = postSolution
		SolutionGuid = {5CBF44A5-9EBB-40E3-A326-68E5D827384F}
	EndGlobalSection
EndGlobal
